// !$*UTF8*$!
{
	archiveVersion = 1;
	classes = {
	};
	objectVersion = 50;
	objects = {

/* Begin PBXBuildFile section */
		20D08D586C021665814707FC /* Pods_Stepik.framework in Frameworks */ = {isa = PBXBuildFile; fileRef = 66ACAC759BAB73C70C653B9F /* Pods_Stepik.framework */; };
		6A261D6922DA0F2D00105AE5 /* ColorPickerPlateView.swift in Sources */ = {isa = PBXBuildFile; fileRef = 6A261D6822DA0F2D00105AE5 /* ColorPickerPlateView.swift */; };
		6A261D6B22DA1E4E00105AE5 /* ColorPlateView.swift in Sources */ = {isa = PBXBuildFile; fileRef = 6A261D6A22DA1E4E00105AE5 /* ColorPlateView.swift */; };
		6A261D6D22DA267600105AE5 /* ColorPickerView.swift in Sources */ = {isa = PBXBuildFile; fileRef = 6A261D6C22DA267600105AE5 /* ColorPickerView.swift */; };
		6A261D6F22DA2C5500105AE5 /* HSBColorPicker.swift in Sources */ = {isa = PBXBuildFile; fileRef = 6A261D6E22DA2C5500105AE5 /* HSBColorPicker.swift */; };
		6A261D7122DA2C6600105AE5 /* CurrentColorIndicator.swift in Sources */ = {isa = PBXBuildFile; fileRef = 6A261D7022DA2C6600105AE5 /* CurrentColorIndicator.swift */; };
		6A47309A22C4CE3D0063B4C2 /* StepikTests.swift in Sources */ = {isa = PBXBuildFile; fileRef = 6A47309922C4CE3D0063B4C2 /* StepikTests.swift */; };
		6A6472F722C376CF00E1F9FD /* AppDelegate.swift in Sources */ = {isa = PBXBuildFile; fileRef = 6A6472F622C376CF00E1F9FD /* AppDelegate.swift */; };
		6A6472F922C376CF00E1F9FD /* ViewController.swift in Sources */ = {isa = PBXBuildFile; fileRef = 6A6472F822C376CF00E1F9FD /* ViewController.swift */; };
		6A6472FC22C376CF00E1F9FD /* Main.storyboard in Resources */ = {isa = PBXBuildFile; fileRef = 6A6472FA22C376CF00E1F9FD /* Main.storyboard */; };
		6A6472FE22C376D100E1F9FD /* Assets.xcassets in Resources */ = {isa = PBXBuildFile; fileRef = 6A6472FD22C376D100E1F9FD /* Assets.xcassets */; };
		6A64730122C376D100E1F9FD /* LaunchScreen.storyboard in Resources */ = {isa = PBXBuildFile; fileRef = 6A6472FF22C376D100E1F9FD /* LaunchScreen.storyboard */; };
		6A64730922C3771100E1F9FD /* FileNotebook.swift in Sources */ = {isa = PBXBuildFile; fileRef = 6A64730822C3771100E1F9FD /* FileNotebook.swift */; };
		6A64730D22C3773E00E1F9FD /* Note.swift in Sources */ = {isa = PBXBuildFile; fileRef = 6A64730C22C3773E00E1F9FD /* Note.swift */; };
		6A64730F22C3778C00E1F9FD /* Note Extension.swift in Sources */ = {isa = PBXBuildFile; fileRef = 6A64730E22C3778C00E1F9FD /* Note Extension.swift */; };
		7C0A8651BB1EE18A9DD6F584 /* Pods_StepikTests.framework in Frameworks */ = {isa = PBXBuildFile; fileRef = 298CD6EFEA2D137057CEFC02 /* Pods_StepikTests.framework */; };
		8F5CDCCA22EA098100B0CC24 /* NotesListViewController.swift in Sources */ = {isa = PBXBuildFile; fileRef = 8F5CDCC922EA098100B0CC24 /* NotesListViewController.swift */; };
		8F5CDCCD22EA0A9600B0CC24 /* NoteTableViewCell.swift in Sources */ = {isa = PBXBuildFile; fileRef = 8F5CDCCB22EA0A9600B0CC24 /* NoteTableViewCell.swift */; };
		8F5CDCCE22EA0A9600B0CC24 /* NoteTableViewCell.xib in Resources */ = {isa = PBXBuildFile; fileRef = 8F5CDCCC22EA0A9600B0CC24 /* NoteTableViewCell.xib */; };
		8F5CDCD022EB0E2900B0CC24 /* ColorPickViewController.swift in Sources */ = {isa = PBXBuildFile; fileRef = 8F5CDCCF22EB0E2900B0CC24 /* ColorPickViewController.swift */; };
		8F5CDCD222EB4E3500B0CC24 /* ImageListViewController.swift in Sources */ = {isa = PBXBuildFile; fileRef = 8F5CDCD122EB4E3500B0CC24 /* ImageListViewController.swift */; };
		8F5CDCD522EB4EED00B0CC24 /* ImageCollectionViewCell.swift in Sources */ = {isa = PBXBuildFile; fileRef = 8F5CDCD322EB4EED00B0CC24 /* ImageCollectionViewCell.swift */; };
		8F5CDCD622EB4EED00B0CC24 /* ImageCollectionViewCell.xib in Resources */ = {isa = PBXBuildFile; fileRef = 8F5CDCD422EB4EED00B0CC24 /* ImageCollectionViewCell.xib */; };
		8F5CDCD822EB510C00B0CC24 /* ImageNote.swift in Sources */ = {isa = PBXBuildFile; fileRef = 8F5CDCD722EB510C00B0CC24 /* ImageNote.swift */; };
		8F5CDCDD22EB57F700B0CC24 /* DefaultImageNotes in Resources */ = {isa = PBXBuildFile; fileRef = 8F5CDCDC22EB57F700B0CC24 /* DefaultImageNotes */; };
		8F5CDCDE22EB57F700B0CC24 /* DefaultImageNotes in Resources */ = {isa = PBXBuildFile; fileRef = 8F5CDCDC22EB57F700B0CC24 /* DefaultImageNotes */; };
		8F5CDCE022EB666B00B0CC24 /* ImageDetailViewController.swift in Sources */ = {isa = PBXBuildFile; fileRef = 8F5CDCDF22EB666B00B0CC24 /* ImageDetailViewController.swift */; };
		8F5CDCE122EB666B00B0CC24 /* ImageDetailViewController.swift in Sources */ = {isa = PBXBuildFile; fileRef = 8F5CDCDF22EB666B00B0CC24 /* ImageDetailViewController.swift */; };
		8FFFEABE22F83E37000CADC8 /* SaveNoteDBOperation.swift in Sources */ = {isa = PBXBuildFile; fileRef = 8FFFEAB222F83E37000CADC8 /* SaveNoteDBOperation.swift */; };
		8FFFEABF22F83E37000CADC8 /* LoadNotesDBOperation.swift in Sources */ = {isa = PBXBuildFile; fileRef = 8FFFEAB322F83E37000CADC8 /* LoadNotesDBOperation.swift */; };
		8FFFEAC022F83E37000CADC8 /* BaseDBOperation.swift in Sources */ = {isa = PBXBuildFile; fileRef = 8FFFEAB422F83E37000CADC8 /* BaseDBOperation.swift */; };
		8FFFEAC122F83E37000CADC8 /* RemoveNoteDBOperation.swift in Sources */ = {isa = PBXBuildFile; fileRef = 8FFFEAB522F83E37000CADC8 /* RemoveNoteDBOperation.swift */; };
		8FFFEAC222F83E37000CADC8 /* SaveNoteOperation.swift in Sources */ = {isa = PBXBuildFile; fileRef = 8FFFEAB622F83E37000CADC8 /* SaveNoteOperation.swift */; };
		8FFFEAC322F83E37000CADC8 /* LoadNotesOperation.swift in Sources */ = {isa = PBXBuildFile; fileRef = 8FFFEAB722F83E37000CADC8 /* LoadNotesOperation.swift */; };
		8FFFEAC422F83E37000CADC8 /* AsyncOperation.swift in Sources */ = {isa = PBXBuildFile; fileRef = 8FFFEAB822F83E37000CADC8 /* AsyncOperation.swift */; };
		8FFFEAC522F83E37000CADC8 /* RemoveNoteOperation.swift in Sources */ = {isa = PBXBuildFile; fileRef = 8FFFEAB922F83E37000CADC8 /* RemoveNoteOperation.swift */; };
		8FFFEAC622F83E37000CADC8 /* LoadNotesBackendOperation.swift in Sources */ = {isa = PBXBuildFile; fileRef = 8FFFEABB22F83E37000CADC8 /* LoadNotesBackendOperation.swift */; };
		8FFFEAC722F83E37000CADC8 /* BaseBackendOperation.swift in Sources */ = {isa = PBXBuildFile; fileRef = 8FFFEABC22F83E37000CADC8 /* BaseBackendOperation.swift */; };
		8FFFEAC822F83E37000CADC8 /* SaveNotesBackendOperation.swift in Sources */ = {isa = PBXBuildFile; fileRef = 8FFFEABD22F83E37000CADC8 /* SaveNotesBackendOperation.swift */; };
		8FFFEB1222FEAC77000CADC8 /* OAuthViewController.swift in Sources */ = {isa = PBXBuildFile; fileRef = 8FFFEB1122FEAC77000CADC8 /* OAuthViewController.swift */; };
		8FFFEB1422FEDF33000CADC8 /* WebKit.framework in Frameworks */ = {isa = PBXBuildFile; fileRef = 8FFFEB1322FEDF33000CADC8 /* WebKit.framework */; };
		8FFFEB1623006F53000CADC8 /* File.swift in Sources */ = {isa = PBXBuildFile; fileRef = 8FFFEB1523006F53000CADC8 /* File.swift */; };
		8FFFEB1823009613000CADC8 /* SaveNotesDBOperation.swift in Sources */ = {isa = PBXBuildFile; fileRef = 8FFFEB1723009613000CADC8 /* SaveNotesDBOperation.swift */; };
		8FFFEB1A2300AB08000CADC8 /* GistModel.swift in Sources */ = {isa = PBXBuildFile; fileRef = 8FFFEB192300AB08000CADC8 /* GistModel.swift */; };
		8FFFEB1C2300AB42000CADC8 /* AuthModel.swift in Sources */ = {isa = PBXBuildFile; fileRef = 8FFFEB1B2300AB42000CADC8 /* AuthModel.swift */; };
/* End PBXBuildFile section */

/* Begin PBXContainerItemProxy section */
		6A47309C22C4CE3D0063B4C2 /* PBXContainerItemProxy */ = {
			isa = PBXContainerItemProxy;
			containerPortal = 6A6472EB22C376CF00E1F9FD /* Project object */;
			proxyType = 1;
			remoteGlobalIDString = 6A6472F222C376CF00E1F9FD;
			remoteInfo = Stepik;
		};
/* End PBXContainerItemProxy section */

/* Begin PBXFileReference section */
		178992B23D6E7CFD2A0577DF /* Pods-Stepik.stage.xcconfig */ = {isa = PBXFileReference; includeInIndex = 1; lastKnownFileType = text.xcconfig; name = "Pods-Stepik.stage.xcconfig"; path = "Pods/Target Support Files/Pods-Stepik/Pods-Stepik.stage.xcconfig"; sourceTree = "<group>"; };
		298CD6EFEA2D137057CEFC02 /* Pods_StepikTests.framework */ = {isa = PBXFileReference; explicitFileType = wrapper.framework; includeInIndex = 0; path = Pods_StepikTests.framework; sourceTree = BUILT_PRODUCTS_DIR; };
		2F308C4E0BCDAF7A689A3D1C /* Pods-StepikTests.stage.xcconfig */ = {isa = PBXFileReference; includeInIndex = 1; lastKnownFileType = text.xcconfig; name = "Pods-StepikTests.stage.xcconfig"; path = "Pods/Target Support Files/Pods-StepikTests/Pods-StepikTests.stage.xcconfig"; sourceTree = "<group>"; };
		35ABE7DEA9D66A23C7AD616C /* Pods-StepikTests.release.xcconfig */ = {isa = PBXFileReference; includeInIndex = 1; lastKnownFileType = text.xcconfig; name = "Pods-StepikTests.release.xcconfig"; path = "Pods/Target Support Files/Pods-StepikTests/Pods-StepikTests.release.xcconfig"; sourceTree = "<group>"; };
		66ACAC759BAB73C70C653B9F /* Pods_Stepik.framework */ = {isa = PBXFileReference; explicitFileType = wrapper.framework; includeInIndex = 0; path = Pods_Stepik.framework; sourceTree = BUILT_PRODUCTS_DIR; };
		6A261D6822DA0F2D00105AE5 /* ColorPickerPlateView.swift */ = {isa = PBXFileReference; lastKnownFileType = sourcecode.swift; path = ColorPickerPlateView.swift; sourceTree = "<group>"; };
		6A261D6A22DA1E4E00105AE5 /* ColorPlateView.swift */ = {isa = PBXFileReference; lastKnownFileType = sourcecode.swift; path = ColorPlateView.swift; sourceTree = "<group>"; };
		6A261D6C22DA267600105AE5 /* ColorPickerView.swift */ = {isa = PBXFileReference; lastKnownFileType = sourcecode.swift; path = ColorPickerView.swift; sourceTree = "<group>"; };
		6A261D6E22DA2C5500105AE5 /* HSBColorPicker.swift */ = {isa = PBXFileReference; lastKnownFileType = sourcecode.swift; path = HSBColorPicker.swift; sourceTree = "<group>"; };
		6A261D7022DA2C6600105AE5 /* CurrentColorIndicator.swift */ = {isa = PBXFileReference; lastKnownFileType = sourcecode.swift; path = CurrentColorIndicator.swift; sourceTree = "<group>"; };
		6A47309722C4CE3D0063B4C2 /* StepikTests.xctest */ = {isa = PBXFileReference; explicitFileType = wrapper.cfbundle; includeInIndex = 0; path = StepikTests.xctest; sourceTree = BUILT_PRODUCTS_DIR; };
		6A47309922C4CE3D0063B4C2 /* StepikTests.swift */ = {isa = PBXFileReference; lastKnownFileType = sourcecode.swift; path = StepikTests.swift; sourceTree = "<group>"; };
		6A47309B22C4CE3D0063B4C2 /* Info.plist */ = {isa = PBXFileReference; lastKnownFileType = text.plist.xml; path = Info.plist; sourceTree = "<group>"; };
		6A6472F322C376CF00E1F9FD /* Stepik.app */ = {isa = PBXFileReference; explicitFileType = wrapper.application; includeInIndex = 0; path = Stepik.app; sourceTree = BUILT_PRODUCTS_DIR; };
		6A6472F622C376CF00E1F9FD /* AppDelegate.swift */ = {isa = PBXFileReference; lastKnownFileType = sourcecode.swift; path = AppDelegate.swift; sourceTree = "<group>"; };
		6A6472F822C376CF00E1F9FD /* ViewController.swift */ = {isa = PBXFileReference; lastKnownFileType = sourcecode.swift; path = ViewController.swift; sourceTree = "<group>"; };
		6A6472FB22C376CF00E1F9FD /* Base */ = {isa = PBXFileReference; lastKnownFileType = file.storyboard; name = Base; path = Base.lproj/Main.storyboard; sourceTree = "<group>"; };
		6A6472FD22C376D100E1F9FD /* Assets.xcassets */ = {isa = PBXFileReference; lastKnownFileType = folder.assetcatalog; path = Assets.xcassets; sourceTree = "<group>"; };
		6A64730022C376D100E1F9FD /* Base */ = {isa = PBXFileReference; lastKnownFileType = file.storyboard; name = Base; path = Base.lproj/LaunchScreen.storyboard; sourceTree = "<group>"; };
		6A64730222C376D100E1F9FD /* Info.plist */ = {isa = PBXFileReference; lastKnownFileType = text.plist.xml; path = Info.plist; sourceTree = "<group>"; };
		6A64730822C3771100E1F9FD /* FileNotebook.swift */ = {isa = PBXFileReference; lastKnownFileType = sourcecode.swift; path = FileNotebook.swift; sourceTree = "<group>"; };
		6A64730C22C3773E00E1F9FD /* Note.swift */ = {isa = PBXFileReference; lastKnownFileType = sourcecode.swift; path = Note.swift; sourceTree = "<group>"; };
		6A64730E22C3778C00E1F9FD /* Note Extension.swift */ = {isa = PBXFileReference; lastKnownFileType = sourcecode.swift; path = "Note Extension.swift"; sourceTree = "<group>"; };
		763DB946B92D8B9628AC6C64 /* Pods-Stepik.debug.xcconfig */ = {isa = PBXFileReference; includeInIndex = 1; lastKnownFileType = text.xcconfig; name = "Pods-Stepik.debug.xcconfig"; path = "Pods/Target Support Files/Pods-Stepik/Pods-Stepik.debug.xcconfig"; sourceTree = "<group>"; };
		79152C2CBF46AE785AFA351A /* Pods-StepikTests.debug.xcconfig */ = {isa = PBXFileReference; includeInIndex = 1; lastKnownFileType = text.xcconfig; name = "Pods-StepikTests.debug.xcconfig"; path = "Pods/Target Support Files/Pods-StepikTests/Pods-StepikTests.debug.xcconfig"; sourceTree = "<group>"; };
		8F5CDCC922EA098100B0CC24 /* NotesListViewController.swift */ = {isa = PBXFileReference; lastKnownFileType = sourcecode.swift; path = NotesListViewController.swift; sourceTree = "<group>"; };
		8F5CDCCB22EA0A9600B0CC24 /* NoteTableViewCell.swift */ = {isa = PBXFileReference; lastKnownFileType = sourcecode.swift; path = NoteTableViewCell.swift; sourceTree = "<group>"; };
		8F5CDCCC22EA0A9600B0CC24 /* NoteTableViewCell.xib */ = {isa = PBXFileReference; lastKnownFileType = file.xib; path = NoteTableViewCell.xib; sourceTree = "<group>"; };
		8F5CDCCF22EB0E2900B0CC24 /* ColorPickViewController.swift */ = {isa = PBXFileReference; lastKnownFileType = sourcecode.swift; path = ColorPickViewController.swift; sourceTree = "<group>"; };
		8F5CDCD122EB4E3500B0CC24 /* ImageListViewController.swift */ = {isa = PBXFileReference; lastKnownFileType = sourcecode.swift; path = ImageListViewController.swift; sourceTree = "<group>"; };
		8F5CDCD322EB4EED00B0CC24 /* ImageCollectionViewCell.swift */ = {isa = PBXFileReference; lastKnownFileType = sourcecode.swift; path = ImageCollectionViewCell.swift; sourceTree = "<group>"; };
		8F5CDCD422EB4EED00B0CC24 /* ImageCollectionViewCell.xib */ = {isa = PBXFileReference; lastKnownFileType = file.xib; path = ImageCollectionViewCell.xib; sourceTree = "<group>"; };
		8F5CDCD722EB510C00B0CC24 /* ImageNote.swift */ = {isa = PBXFileReference; lastKnownFileType = sourcecode.swift; path = ImageNote.swift; sourceTree = "<group>"; };
		8F5CDCDC22EB57F700B0CC24 /* DefaultImageNotes */ = {isa = PBXFileReference; lastKnownFileType = folder; path = DefaultImageNotes; sourceTree = "<group>"; };
		8F5CDCDF22EB666B00B0CC24 /* ImageDetailViewController.swift */ = {isa = PBXFileReference; lastKnownFileType = sourcecode.swift; path = ImageDetailViewController.swift; sourceTree = "<group>"; };
		8FFFEAB222F83E37000CADC8 /* SaveNoteDBOperation.swift */ = {isa = PBXFileReference; fileEncoding = 4; lastKnownFileType = sourcecode.swift; path = SaveNoteDBOperation.swift; sourceTree = "<group>"; };
		8FFFEAB322F83E37000CADC8 /* LoadNotesDBOperation.swift */ = {isa = PBXFileReference; fileEncoding = 4; lastKnownFileType = sourcecode.swift; path = LoadNotesDBOperation.swift; sourceTree = "<group>"; };
		8FFFEAB422F83E37000CADC8 /* BaseDBOperation.swift */ = {isa = PBXFileReference; fileEncoding = 4; lastKnownFileType = sourcecode.swift; path = BaseDBOperation.swift; sourceTree = "<group>"; };
		8FFFEAB522F83E37000CADC8 /* RemoveNoteDBOperation.swift */ = {isa = PBXFileReference; fileEncoding = 4; lastKnownFileType = sourcecode.swift; path = RemoveNoteDBOperation.swift; sourceTree = "<group>"; };
		8FFFEAB622F83E37000CADC8 /* SaveNoteOperation.swift */ = {isa = PBXFileReference; fileEncoding = 4; lastKnownFileType = sourcecode.swift; path = SaveNoteOperation.swift; sourceTree = "<group>"; };
		8FFFEAB722F83E37000CADC8 /* LoadNotesOperation.swift */ = {isa = PBXFileReference; fileEncoding = 4; lastKnownFileType = sourcecode.swift; path = LoadNotesOperation.swift; sourceTree = "<group>"; };
		8FFFEAB822F83E37000CADC8 /* AsyncOperation.swift */ = {isa = PBXFileReference; fileEncoding = 4; lastKnownFileType = sourcecode.swift; path = AsyncOperation.swift; sourceTree = "<group>"; };
		8FFFEAB922F83E37000CADC8 /* RemoveNoteOperation.swift */ = {isa = PBXFileReference; fileEncoding = 4; lastKnownFileType = sourcecode.swift; path = RemoveNoteOperation.swift; sourceTree = "<group>"; };
		8FFFEABB22F83E37000CADC8 /* LoadNotesBackendOperation.swift */ = {isa = PBXFileReference; fileEncoding = 4; lastKnownFileType = sourcecode.swift; path = LoadNotesBackendOperation.swift; sourceTree = "<group>"; };
		8FFFEABC22F83E37000CADC8 /* BaseBackendOperation.swift */ = {isa = PBXFileReference; fileEncoding = 4; lastKnownFileType = sourcecode.swift; path = BaseBackendOperation.swift; sourceTree = "<group>"; };
		8FFFEABD22F83E37000CADC8 /* SaveNotesBackendOperation.swift */ = {isa = PBXFileReference; fileEncoding = 4; lastKnownFileType = sourcecode.swift; path = SaveNotesBackendOperation.swift; sourceTree = "<group>"; };
		8FFFEB1122FEAC77000CADC8 /* OAuthViewController.swift */ = {isa = PBXFileReference; lastKnownFileType = sourcecode.swift; path = OAuthViewController.swift; sourceTree = "<group>"; };
		8FFFEB1322FEDF33000CADC8 /* WebKit.framework */ = {isa = PBXFileReference; lastKnownFileType = wrapper.framework; name = WebKit.framework; path = System/Library/Frameworks/WebKit.framework; sourceTree = SDKROOT; };
		8FFFEB1523006F53000CADC8 /* File.swift */ = {isa = PBXFileReference; lastKnownFileType = sourcecode.swift; path = File.swift; sourceTree = "<group>"; };
		8FFFEB1723009613000CADC8 /* SaveNotesDBOperation.swift */ = {isa = PBXFileReference; lastKnownFileType = sourcecode.swift; path = SaveNotesDBOperation.swift; sourceTree = "<group>"; };
		8FFFEB192300AB08000CADC8 /* GistModel.swift */ = {isa = PBXFileReference; lastKnownFileType = sourcecode.swift; path = GistModel.swift; sourceTree = "<group>"; };
		8FFFEB1B2300AB42000CADC8 /* AuthModel.swift */ = {isa = PBXFileReference; lastKnownFileType = sourcecode.swift; path = AuthModel.swift; sourceTree = "<group>"; };
		9C1095524FDD34DF104650E0 /* Pods-Stepik.release.xcconfig */ = {isa = PBXFileReference; includeInIndex = 1; lastKnownFileType = text.xcconfig; name = "Pods-Stepik.release.xcconfig"; path = "Pods/Target Support Files/Pods-Stepik/Pods-Stepik.release.xcconfig"; sourceTree = "<group>"; };
/* End PBXFileReference section */

/* Begin PBXFrameworksBuildPhase section */
		6A47309422C4CE3D0063B4C2 /* Frameworks */ = {
			isa = PBXFrameworksBuildPhase;
			buildActionMask = 2147483647;
			files = (
				7C0A8651BB1EE18A9DD6F584 /* Pods_StepikTests.framework in Frameworks */,
			);
			runOnlyForDeploymentPostprocessing = 0;
		};
		6A6472F022C376CF00E1F9FD /* Frameworks */ = {
			isa = PBXFrameworksBuildPhase;
			buildActionMask = 2147483647;
			files = (
				8FFFEB1422FEDF33000CADC8 /* WebKit.framework in Frameworks */,
				20D08D586C021665814707FC /* Pods_Stepik.framework in Frameworks */,
			);
			runOnlyForDeploymentPostprocessing = 0;
		};
/* End PBXFrameworksBuildPhase section */

/* Begin PBXGroup section */
		240245C8BE6FE50D0BD30A82 /* Frameworks */ = {
			isa = PBXGroup;
			children = (
				8FFFEB1322FEDF33000CADC8 /* WebKit.framework */,
				66ACAC759BAB73C70C653B9F /* Pods_Stepik.framework */,
				298CD6EFEA2D137057CEFC02 /* Pods_StepikTests.framework */,
			);
			name = Frameworks;
			sourceTree = "<group>";
		};
		6A47309822C4CE3D0063B4C2 /* StepikTests */ = {
			isa = PBXGroup;
			children = (
				6A47309922C4CE3D0063B4C2 /* StepikTests.swift */,
				6A47309B22C4CE3D0063B4C2 /* Info.plist */,
			);
			path = StepikTests;
			sourceTree = "<group>";
		};
		6A6472EA22C376CF00E1F9FD = {
			isa = PBXGroup;
			children = (
				6A6472F522C376CF00E1F9FD /* Stepik */,
				6A47309822C4CE3D0063B4C2 /* StepikTests */,
				6A6472F422C376CF00E1F9FD /* Products */,
				B07ADB706BD7F39F50F8217F /* Pods */,
				240245C8BE6FE50D0BD30A82 /* Frameworks */,
			);
			sourceTree = "<group>";
		};
		6A6472F422C376CF00E1F9FD /* Products */ = {
			isa = PBXGroup;
			children = (
				6A6472F322C376CF00E1F9FD /* Stepik.app */,
				6A47309722C4CE3D0063B4C2 /* StepikTests.xctest */,
			);
			name = Products;
			sourceTree = "<group>";
		};
		6A6472F522C376CF00E1F9FD /* Stepik */ = {
			isa = PBXGroup;
			children = (
				6A64730222C376D100E1F9FD /* Info.plist */,
				6A6472F622C376CF00E1F9FD /* AppDelegate.swift */,
				6A6472FF22C376D100E1F9FD /* LaunchScreen.storyboard */,
				8FFFEAB022F83E37000CADC8 /* Operations */,
				6A64731022C3879800E1F9FD /* Model */,
				8FFFEB0E22FEAAD2000CADC8 /* Main */,
				8F5CDCDA22EB54E000B0CC24 /* Components */,
				8FFFEB0D22FEAAB0000CADC8 /* View */,
			);
			path = Stepik;
			sourceTree = "<group>";
		};
		6A64731022C3879800E1F9FD /* Model */ = {
			isa = PBXGroup;
			children = (
				6A64730822C3771100E1F9FD /* FileNotebook.swift */,
				6A64730C22C3773E00E1F9FD /* Note.swift */,
				6A64730E22C3778C00E1F9FD /* Note Extension.swift */,
				8F5CDCD722EB510C00B0CC24 /* ImageNote.swift */,
				8FFFEB1523006F53000CADC8 /* File.swift */,
				8FFFEB192300AB08000CADC8 /* GistModel.swift */,
				8FFFEB1B2300AB42000CADC8 /* AuthModel.swift */,
			);
			path = Model;
			sourceTree = "<group>";
		};
		8F5CDCDA22EB54E000B0CC24 /* Components */ = {
			isa = PBXGroup;
			children = (
				8FFFEAAE22F78023000CADC8 /* Notes Components */,
				8FFFEAAF22F78045000CADC8 /* Image Components */,
			);
			path = Components;
			sourceTree = "<group>";
		};
		8FFFEAAE22F78023000CADC8 /* Notes Components */ = {
			isa = PBXGroup;
			children = (
				6A261D6A22DA1E4E00105AE5 /* ColorPlateView.swift */,
				6A261D6C22DA267600105AE5 /* ColorPickerView.swift */,
				6A261D6E22DA2C5500105AE5 /* HSBColorPicker.swift */,
				6A261D7022DA2C6600105AE5 /* CurrentColorIndicator.swift */,
				6A261D6822DA0F2D00105AE5 /* ColorPickerPlateView.swift */,
				8F5CDCCB22EA0A9600B0CC24 /* NoteTableViewCell.swift */,
				8F5CDCCC22EA0A9600B0CC24 /* NoteTableViewCell.xib */,
			);
			path = "Notes Components";
			sourceTree = "<group>";
		};
		8FFFEAAF22F78045000CADC8 /* Image Components */ = {
			isa = PBXGroup;
			children = (
				8F5CDCD322EB4EED00B0CC24 /* ImageCollectionViewCell.swift */,
				8F5CDCD422EB4EED00B0CC24 /* ImageCollectionViewCell.xib */,
			);
			path = "Image Components";
			sourceTree = "<group>";
		};
		8FFFEAB022F83E37000CADC8 /* Operations */ = {
			isa = PBXGroup;
			children = (
				8FFFEAB122F83E37000CADC8 /* DBOperations */,
				8FFFEAB622F83E37000CADC8 /* SaveNoteOperation.swift */,
				8FFFEAB722F83E37000CADC8 /* LoadNotesOperation.swift */,
				8FFFEAB822F83E37000CADC8 /* AsyncOperation.swift */,
				8FFFEAB922F83E37000CADC8 /* RemoveNoteOperation.swift */,
				8FFFEABA22F83E37000CADC8 /* BackendOpertations */,
			);
			path = Operations;
			sourceTree = "<group>";
		};
		8FFFEAB122F83E37000CADC8 /* DBOperations */ = {
			isa = PBXGroup;
			children = (
				8FFFEAB222F83E37000CADC8 /* SaveNoteDBOperation.swift */,
				8FFFEAB322F83E37000CADC8 /* LoadNotesDBOperation.swift */,
				8FFFEAB422F83E37000CADC8 /* BaseDBOperation.swift */,
				8FFFEAB522F83E37000CADC8 /* RemoveNoteDBOperation.swift */,
				8FFFEB1723009613000CADC8 /* SaveNotesDBOperation.swift */,
			);
			path = DBOperations;
			sourceTree = "<group>";
		};
		8FFFEABA22F83E37000CADC8 /* BackendOpertations */ = {
			isa = PBXGroup;
			children = (
				8FFFEABB22F83E37000CADC8 /* LoadNotesBackendOperation.swift */,
				8FFFEABC22F83E37000CADC8 /* BaseBackendOperation.swift */,
				8FFFEABD22F83E37000CADC8 /* SaveNotesBackendOperation.swift */,
			);
			path = BackendOpertations;
			sourceTree = "<group>";
		};
		8FFFEB0D22FEAAB0000CADC8 /* View */ = {
			isa = PBXGroup;
			children = (
				6A6472F822C376CF00E1F9FD /* ViewController.swift */,
				6A6472FA22C376CF00E1F9FD /* Main.storyboard */,
				8F5CDCC922EA098100B0CC24 /* NotesListViewController.swift */,
				8F5CDCCF22EB0E2900B0CC24 /* ColorPickViewController.swift */,
				8F5CDCD122EB4E3500B0CC24 /* ImageListViewController.swift */,
				8F5CDCDF22EB666B00B0CC24 /* ImageDetailViewController.swift */,
				8FFFEB1122FEAC77000CADC8 /* OAuthViewController.swift */,
			);
			path = View;
			sourceTree = "<group>";
		};
		8FFFEB0E22FEAAD2000CADC8 /* Main */ = {
			isa = PBXGroup;
			children = (
				8F5CDCDC22EB57F700B0CC24 /* DefaultImageNotes */,
				6A6472FD22C376D100E1F9FD /* Assets.xcassets */,
			);
			path = Main;
			sourceTree = "<group>";
		};
		B07ADB706BD7F39F50F8217F /* Pods */ = {
			isa = PBXGroup;
			children = (
				763DB946B92D8B9628AC6C64 /* Pods-Stepik.debug.xcconfig */,
				178992B23D6E7CFD2A0577DF /* Pods-Stepik.stage.xcconfig */,
				9C1095524FDD34DF104650E0 /* Pods-Stepik.release.xcconfig */,
				79152C2CBF46AE785AFA351A /* Pods-StepikTests.debug.xcconfig */,
				2F308C4E0BCDAF7A689A3D1C /* Pods-StepikTests.stage.xcconfig */,
				35ABE7DEA9D66A23C7AD616C /* Pods-StepikTests.release.xcconfig */,
			);
			name = Pods;
			sourceTree = "<group>";
		};
/* End PBXGroup section */

/* Begin PBXNativeTarget section */
		6A47309622C4CE3D0063B4C2 /* StepikTests */ = {
			isa = PBXNativeTarget;
			buildConfigurationList = 6A47309E22C4CE3D0063B4C2 /* Build configuration list for PBXNativeTarget "StepikTests" */;
			buildPhases = (
				0CD282848B4C396127B58069 /* [CP] Check Pods Manifest.lock */,
				6A47309322C4CE3D0063B4C2 /* Sources */,
				6A47309422C4CE3D0063B4C2 /* Frameworks */,
				6A47309522C4CE3D0063B4C2 /* Resources */,
			);
			buildRules = (
			);
			dependencies = (
				6A47309D22C4CE3D0063B4C2 /* PBXTargetDependency */,
			);
			name = StepikTests;
			productName = StepikTests;
			productReference = 6A47309722C4CE3D0063B4C2 /* StepikTests.xctest */;
			productType = "com.apple.product-type.bundle.unit-test";
		};
		6A6472F222C376CF00E1F9FD /* Stepik */ = {
			isa = PBXNativeTarget;
			buildConfigurationList = 6A64730522C376D100E1F9FD /* Build configuration list for PBXNativeTarget "Stepik" */;
			buildPhases = (
				4013840AEECFD72A8C41E0C3 /* [CP] Check Pods Manifest.lock */,
				6A6472EF22C376CF00E1F9FD /* Sources */,
				6A6472F022C376CF00E1F9FD /* Frameworks */,
				6A6472F122C376CF00E1F9FD /* Resources */,
				73C5887DE0C70FBD13AF87B6 /* [CP] Embed Pods Frameworks */,
			);
			buildRules = (
			);
			dependencies = (
			);
			name = Stepik;
			productName = Stepik;
			productReference = 6A6472F322C376CF00E1F9FD /* Stepik.app */;
			productType = "com.apple.product-type.application";
		};
/* End PBXNativeTarget section */

/* Begin PBXProject section */
		6A6472EB22C376CF00E1F9FD /* Project object */ = {
			isa = PBXProject;
			attributes = {
				LastSwiftUpdateCheck = 1020;
				LastUpgradeCheck = 1020;
				ORGANIZATIONNAME = iosdev;
				TargetAttributes = {
					6A47309622C4CE3D0063B4C2 = {
						CreatedOnToolsVersion = 10.2.1;
						TestTargetID = 6A6472F222C376CF00E1F9FD;
					};
					6A6472F222C376CF00E1F9FD = {
						CreatedOnToolsVersion = 10.2.1;
					};
				};
			};
			buildConfigurationList = 6A6472EE22C376CF00E1F9FD /* Build configuration list for PBXProject "Stepik" */;
			compatibilityVersion = "Xcode 9.3";
			developmentRegion = en;
			hasScannedForEncodings = 0;
			knownRegions = (
				en,
				Base,
			);
			mainGroup = 6A6472EA22C376CF00E1F9FD;
			productRefGroup = 6A6472F422C376CF00E1F9FD /* Products */;
			projectDirPath = "";
			projectRoot = "";
			targets = (
				6A6472F222C376CF00E1F9FD /* Stepik */,
				6A47309622C4CE3D0063B4C2 /* StepikTests */,
			);
		};
/* End PBXProject section */

/* Begin PBXResourcesBuildPhase section */
		6A47309522C4CE3D0063B4C2 /* Resources */ = {
			isa = PBXResourcesBuildPhase;
			buildActionMask = 2147483647;
			files = (
				8F5CDCDE22EB57F700B0CC24 /* DefaultImageNotes in Resources */,
			);
			runOnlyForDeploymentPostprocessing = 0;
		};
		6A6472F122C376CF00E1F9FD /* Resources */ = {
			isa = PBXResourcesBuildPhase;
			buildActionMask = 2147483647;
			files = (
				6A64730122C376D100E1F9FD /* LaunchScreen.storyboard in Resources */,
				6A6472FE22C376D100E1F9FD /* Assets.xcassets in Resources */,
				6A6472FC22C376CF00E1F9FD /* Main.storyboard in Resources */,
				8F5CDCCE22EA0A9600B0CC24 /* NoteTableViewCell.xib in Resources */,
				8F5CDCDD22EB57F700B0CC24 /* DefaultImageNotes in Resources */,
				8F5CDCD622EB4EED00B0CC24 /* ImageCollectionViewCell.xib in Resources */,
			);
			runOnlyForDeploymentPostprocessing = 0;
		};
/* End PBXResourcesBuildPhase section */

/* Begin PBXShellScriptBuildPhase section */
		0CD282848B4C396127B58069 /* [CP] Check Pods Manifest.lock */ = {
			isa = PBXShellScriptBuildPhase;
			buildActionMask = 2147483647;
			files = (
			);
			inputFileListPaths = (
			);
			inputPaths = (
				"${PODS_PODFILE_DIR_PATH}/Podfile.lock",
				"${PODS_ROOT}/Manifest.lock",
			);
			name = "[CP] Check Pods Manifest.lock";
			outputFileListPaths = (
			);
			outputPaths = (
				"$(DERIVED_FILE_DIR)/Pods-StepikTests-checkManifestLockResult.txt",
			);
			runOnlyForDeploymentPostprocessing = 0;
			shellPath = /bin/sh;
			shellScript = "diff \"${PODS_PODFILE_DIR_PATH}/Podfile.lock\" \"${PODS_ROOT}/Manifest.lock\" > /dev/null\nif [ $? != 0 ] ; then\n    # print error to STDERR\n    echo \"error: The sandbox is not in sync with the Podfile.lock. Run 'pod install' or update your CocoaPods installation.\" >&2\n    exit 1\nfi\n# This output is used by Xcode 'outputs' to avoid re-running this script phase.\necho \"SUCCESS\" > \"${SCRIPT_OUTPUT_FILE_0}\"\n";
			showEnvVarsInLog = 0;
		};
		4013840AEECFD72A8C41E0C3 /* [CP] Check Pods Manifest.lock */ = {
			isa = PBXShellScriptBuildPhase;
			buildActionMask = 2147483647;
			files = (
			);
			inputFileListPaths = (
			);
			inputPaths = (
				"${PODS_PODFILE_DIR_PATH}/Podfile.lock",
				"${PODS_ROOT}/Manifest.lock",
			);
			name = "[CP] Check Pods Manifest.lock";
			outputFileListPaths = (
			);
			outputPaths = (
				"$(DERIVED_FILE_DIR)/Pods-Stepik-checkManifestLockResult.txt",
			);
			runOnlyForDeploymentPostprocessing = 0;
			shellPath = /bin/sh;
			shellScript = "diff \"${PODS_PODFILE_DIR_PATH}/Podfile.lock\" \"${PODS_ROOT}/Manifest.lock\" > /dev/null\nif [ $? != 0 ] ; then\n    # print error to STDERR\n    echo \"error: The sandbox is not in sync with the Podfile.lock. Run 'pod install' or update your CocoaPods installation.\" >&2\n    exit 1\nfi\n# This output is used by Xcode 'outputs' to avoid re-running this script phase.\necho \"SUCCESS\" > \"${SCRIPT_OUTPUT_FILE_0}\"\n";
			showEnvVarsInLog = 0;
		};
		73C5887DE0C70FBD13AF87B6 /* [CP] Embed Pods Frameworks */ = {
			isa = PBXShellScriptBuildPhase;
			buildActionMask = 2147483647;
			files = (
			);
			inputFileListPaths = (
			);
			inputPaths = (
				"${SRCROOT}/Pods/Target Support Files/Pods-Stepik/Pods-Stepik-frameworks.sh",
				"${BUILT_PRODUCTS_DIR}/CocoaLumberjack/CocoaLumberjack.framework",
			);
			name = "[CP] Embed Pods Frameworks";
			outputFileListPaths = (
			);
			outputPaths = (
				"${TARGET_BUILD_DIR}/${FRAMEWORKS_FOLDER_PATH}/CocoaLumberjack.framework",
			);
			runOnlyForDeploymentPostprocessing = 0;
			shellPath = /bin/sh;
			shellScript = "\"${SRCROOT}/Pods/Target Support Files/Pods-Stepik/Pods-Stepik-frameworks.sh\"\n";
			showEnvVarsInLog = 0;
		};
/* End PBXShellScriptBuildPhase section */

/* Begin PBXSourcesBuildPhase section */
		6A47309322C4CE3D0063B4C2 /* Sources */ = {
			isa = PBXSourcesBuildPhase;
			buildActionMask = 2147483647;
			files = (
				6A47309A22C4CE3D0063B4C2 /* StepikTests.swift in Sources */,
				8F5CDCE122EB666B00B0CC24 /* ImageDetailViewController.swift in Sources */,
			);
			runOnlyForDeploymentPostprocessing = 0;
		};
		6A6472EF22C376CF00E1F9FD /* Sources */ = {
			isa = PBXSourcesBuildPhase;
			buildActionMask = 2147483647;
			files = (
				6A261D6D22DA267600105AE5 /* ColorPickerView.swift in Sources */,
				6A261D6F22DA2C5500105AE5 /* HSBColorPicker.swift in Sources */,
				8FFFEABF22F83E37000CADC8 /* LoadNotesDBOperation.swift in Sources */,
				6A64730922C3771100E1F9FD /* FileNotebook.swift in Sources */,
				8F5CDCD822EB510C00B0CC24 /* ImageNote.swift in Sources */,
				6A261D6B22DA1E4E00105AE5 /* ColorPlateView.swift in Sources */,
				6A64730F22C3778C00E1F9FD /* Note Extension.swift in Sources */,
				8FFFEAC822F83E37000CADC8 /* SaveNotesBackendOperation.swift in Sources */,
				6A64730D22C3773E00E1F9FD /* Note.swift in Sources */,
				8FFFEAC522F83E37000CADC8 /* RemoveNoteOperation.swift in Sources */,
				8F5CDCD522EB4EED00B0CC24 /* ImageCollectionViewCell.swift in Sources */,
				6A6472F922C376CF00E1F9FD /* ViewController.swift in Sources */,
				8FFFEAC022F83E37000CADC8 /* BaseDBOperation.swift in Sources */,
				8F5CDCCA22EA098100B0CC24 /* NotesListViewController.swift in Sources */,
				8FFFEAC722F83E37000CADC8 /* BaseBackendOperation.swift in Sources */,
				8FFFEAC122F83E37000CADC8 /* RemoveNoteDBOperation.swift in Sources */,
				8F5CDCD022EB0E2900B0CC24 /* ColorPickViewController.swift in Sources */,
				8FFFEAC322F83E37000CADC8 /* LoadNotesOperation.swift in Sources */,
				8FFFEB1A2300AB08000CADC8 /* GistModel.swift in Sources */,
				8FFFEAC222F83E37000CADC8 /* SaveNoteOperation.swift in Sources */,
				6A6472F722C376CF00E1F9FD /* AppDelegate.swift in Sources */,
				8FFFEABE22F83E37000CADC8 /* SaveNoteDBOperation.swift in Sources */,
				8F5CDCD222EB4E3500B0CC24 /* ImageListViewController.swift in Sources */,
				6A261D6922DA0F2D00105AE5 /* ColorPickerPlateView.swift in Sources */,
				8FFFEB1823009613000CADC8 /* SaveNotesDBOperation.swift in Sources */,
				8F5CDCE022EB666B00B0CC24 /* ImageDetailViewController.swift in Sources */,
				8FFFEB1222FEAC77000CADC8 /* OAuthViewController.swift in Sources */,
				8FFFEB1623006F53000CADC8 /* File.swift in Sources */,
				6A261D7122DA2C6600105AE5 /* CurrentColorIndicator.swift in Sources */,
				8FFFEAC422F83E37000CADC8 /* AsyncOperation.swift in Sources */,
				8FFFEAC622F83E37000CADC8 /* LoadNotesBackendOperation.swift in Sources */,
				8F5CDCCD22EA0A9600B0CC24 /* NoteTableViewCell.swift in Sources */,
				8FFFEB1C2300AB42000CADC8 /* AuthModel.swift in Sources */,
			);
			runOnlyForDeploymentPostprocessing = 0;
		};
/* End PBXSourcesBuildPhase section */

/* Begin PBXTargetDependency section */
		6A47309D22C4CE3D0063B4C2 /* PBXTargetDependency */ = {
			isa = PBXTargetDependency;
			target = 6A6472F222C376CF00E1F9FD /* Stepik */;
			targetProxy = 6A47309C22C4CE3D0063B4C2 /* PBXContainerItemProxy */;
		};
/* End PBXTargetDependency section */

/* Begin PBXVariantGroup section */
		6A6472FA22C376CF00E1F9FD /* Main.storyboard */ = {
			isa = PBXVariantGroup;
			children = (
				6A6472FB22C376CF00E1F9FD /* Base */,
			);
			name = Main.storyboard;
			sourceTree = "<group>";
		};
		6A6472FF22C376D100E1F9FD /* LaunchScreen.storyboard */ = {
			isa = PBXVariantGroup;
			children = (
				6A64730022C376D100E1F9FD /* Base */,
			);
			name = LaunchScreen.storyboard;
			sourceTree = "<group>";
		};
/* End PBXVariantGroup section */

/* Begin XCBuildConfiguration section */
		6A47305C22C3B3770063B4C2 /* Stage */ = {
			isa = XCBuildConfiguration;
			buildSettings = {
				ALWAYS_SEARCH_USER_PATHS = NO;
				CLANG_ANALYZER_NONNULL = YES;
				CLANG_ANALYZER_NUMBER_OBJECT_CONVERSION = YES_AGGRESSIVE;
				CLANG_CXX_LANGUAGE_STANDARD = "gnu++14";
				CLANG_CXX_LIBRARY = "libc++";
				CLANG_ENABLE_MODULES = YES;
				CLANG_ENABLE_OBJC_ARC = YES;
				CLANG_ENABLE_OBJC_WEAK = YES;
				CLANG_WARN_BLOCK_CAPTURE_AUTORELEASING = YES;
				CLANG_WARN_BOOL_CONVERSION = YES;
				CLANG_WARN_COMMA = YES;
				CLANG_WARN_CONSTANT_CONVERSION = YES;
				CLANG_WARN_DEPRECATED_OBJC_IMPLEMENTATIONS = YES;
				CLANG_WARN_DIRECT_OBJC_ISA_USAGE = YES_ERROR;
				CLANG_WARN_DOCUMENTATION_COMMENTS = YES;
				CLANG_WARN_EMPTY_BODY = YES;
				CLANG_WARN_ENUM_CONVERSION = YES;
				CLANG_WARN_INFINITE_RECURSION = YES;
				CLANG_WARN_INT_CONVERSION = YES;
				CLANG_WARN_NON_LITERAL_NULL_CONVERSION = YES;
				CLANG_WARN_OBJC_IMPLICIT_RETAIN_SELF = YES;
				CLANG_WARN_OBJC_LITERAL_CONVERSION = YES;
				CLANG_WARN_OBJC_ROOT_CLASS = YES_ERROR;
				CLANG_WARN_RANGE_LOOP_ANALYSIS = YES;
				CLANG_WARN_STRICT_PROTOTYPES = YES;
				CLANG_WARN_SUSPICIOUS_MOVE = YES;
				CLANG_WARN_UNGUARDED_AVAILABILITY = YES_AGGRESSIVE;
				CLANG_WARN_UNREACHABLE_CODE = YES;
				CLANG_WARN__DUPLICATE_METHOD_MATCH = YES;
				CODE_SIGN_IDENTITY = "iPhone Developer";
				COPY_PHASE_STRIP = NO;
				DEBUG_INFORMATION_FORMAT = dwarf;
				ENABLE_STRICT_OBJC_MSGSEND = YES;
				ENABLE_TESTABILITY = YES;
				GCC_C_LANGUAGE_STANDARD = gnu11;
				GCC_DYNAMIC_NO_PIC = NO;
				GCC_NO_COMMON_BLOCKS = YES;
				GCC_OPTIMIZATION_LEVEL = 0;
				GCC_PREPROCESSOR_DEFINITIONS = (
					"STAGE=1",
					"$(inherited)",
				);
				GCC_WARN_64_TO_32_BIT_CONVERSION = YES;
				GCC_WARN_ABOUT_RETURN_TYPE = YES_ERROR;
				GCC_WARN_UNDECLARED_SELECTOR = YES;
				GCC_WARN_UNINITIALIZED_AUTOS = YES_AGGRESSIVE;
				GCC_WARN_UNUSED_FUNCTION = YES;
				GCC_WARN_UNUSED_VARIABLE = YES;
				IPHONEOS_DEPLOYMENT_TARGET = 12.2;
				MTL_ENABLE_DEBUG_INFO = INCLUDE_SOURCE;
				MTL_FAST_MATH = YES;
				ONLY_ACTIVE_ARCH = YES;
				SDKROOT = iphoneos;
				SWIFT_ACTIVE_COMPILATION_CONDITIONS = DEBUG;
				SWIFT_OPTIMIZATION_LEVEL = "-Onone";
			};
			name = Stage;
		};
		6A47305D22C3B3770063B4C2 /* Stage */ = {
			isa = XCBuildConfiguration;
			baseConfigurationReference = 178992B23D6E7CFD2A0577DF /* Pods-Stepik.stage.xcconfig */;
			buildSettings = {
				ASSETCATALOG_COMPILER_APPICON_NAME = AppIcon;
				CODE_SIGN_STYLE = Automatic;
				DEVELOPMENT_TEAM = Z8DC96LTP6;
				INFOPLIST_FILE = Stepik/Info.plist;
				LD_RUNPATH_SEARCH_PATHS = (
					"$(inherited)",
					"@executable_path/Frameworks",
				);
				PRODUCT_BUNDLE_IDENTIFIER = code.tests.com.Stepik;
				PRODUCT_NAME = "$(TARGET_NAME)";
				SWIFT_VERSION = 5.0;
				TARGETED_DEVICE_FAMILY = 1;
			};
			name = Stage;
		};
		6A47309F22C4CE3D0063B4C2 /* Debug */ = {
			isa = XCBuildConfiguration;
			baseConfigurationReference = 79152C2CBF46AE785AFA351A /* Pods-StepikTests.debug.xcconfig */;
			buildSettings = {
				BUNDLE_LOADER = "$(TEST_HOST)";
				CODE_SIGN_STYLE = Automatic;
				DEVELOPMENT_TEAM = Z8DC96LTP6;
				INFOPLIST_FILE = StepikTests/Info.plist;
				LD_RUNPATH_SEARCH_PATHS = (
					"$(inherited)",
					"@executable_path/Frameworks",
					"@loader_path/Frameworks",
				);
				PRODUCT_BUNDLE_IDENTIFIER = code.tests.com.StepikTests;
				PRODUCT_NAME = "$(TARGET_NAME)";
				SWIFT_VERSION = 5.0;
				TARGETED_DEVICE_FAMILY = "1,2";
				TEST_HOST = "$(BUILT_PRODUCTS_DIR)/Stepik.app/Stepik";
			};
			name = Debug;
		};
		6A4730A022C4CE3D0063B4C2 /* Stage */ = {
			isa = XCBuildConfiguration;
			baseConfigurationReference = 2F308C4E0BCDAF7A689A3D1C /* Pods-StepikTests.stage.xcconfig */;
			buildSettings = {
				BUNDLE_LOADER = "$(TEST_HOST)";
				CODE_SIGN_STYLE = Automatic;
				DEVELOPMENT_TEAM = Z8DC96LTP6;
				INFOPLIST_FILE = StepikTests/Info.plist;
				LD_RUNPATH_SEARCH_PATHS = (
					"$(inherited)",
					"@executable_path/Frameworks",
					"@loader_path/Frameworks",
				);
				PRODUCT_BUNDLE_IDENTIFIER = code.tests.com.StepikTests;
				PRODUCT_NAME = "$(TARGET_NAME)";
				SWIFT_VERSION = 5.0;
				TARGETED_DEVICE_FAMILY = "1,2";
				TEST_HOST = "$(BUILT_PRODUCTS_DIR)/Stepik.app/Stepik";
			};
			name = Stage;
		};
		6A4730A122C4CE3D0063B4C2 /* Release */ = {
			isa = XCBuildConfiguration;
			baseConfigurationReference = 35ABE7DEA9D66A23C7AD616C /* Pods-StepikTests.release.xcconfig */;
			buildSettings = {
				BUNDLE_LOADER = "$(TEST_HOST)";
				CODE_SIGN_STYLE = Automatic;
				DEVELOPMENT_TEAM = Z8DC96LTP6;
				INFOPLIST_FILE = StepikTests/Info.plist;
				LD_RUNPATH_SEARCH_PATHS = (
					"$(inherited)",
					"@executable_path/Frameworks",
					"@loader_path/Frameworks",
				);
				PRODUCT_BUNDLE_IDENTIFIER = code.tests.com.StepikTests;
				PRODUCT_NAME = "$(TARGET_NAME)";
				SWIFT_VERSION = 5.0;
				TARGETED_DEVICE_FAMILY = "1,2";
				TEST_HOST = "$(BUILT_PRODUCTS_DIR)/Stepik.app/Stepik";
			};
			name = Release;
		};
		6A64730322C376D100E1F9FD /* Debug */ = {
			isa = XCBuildConfiguration;
			buildSettings = {
				ALWAYS_SEARCH_USER_PATHS = NO;
				CLANG_ANALYZER_NONNULL = YES;
				CLANG_ANALYZER_NUMBER_OBJECT_CONVERSION = YES_AGGRESSIVE;
				CLANG_CXX_LANGUAGE_STANDARD = "gnu++14";
				CLANG_CXX_LIBRARY = "libc++";
				CLANG_ENABLE_MODULES = YES;
				CLANG_ENABLE_OBJC_ARC = YES;
				CLANG_ENABLE_OBJC_WEAK = YES;
				CLANG_WARN_BLOCK_CAPTURE_AUTORELEASING = YES;
				CLANG_WARN_BOOL_CONVERSION = YES;
				CLANG_WARN_COMMA = YES;
				CLANG_WARN_CONSTANT_CONVERSION = YES;
				CLANG_WARN_DEPRECATED_OBJC_IMPLEMENTATIONS = YES;
				CLANG_WARN_DIRECT_OBJC_ISA_USAGE = YES_ERROR;
				CLANG_WARN_DOCUMENTATION_COMMENTS = YES;
				CLANG_WARN_EMPTY_BODY = YES;
				CLANG_WARN_ENUM_CONVERSION = YES;
				CLANG_WARN_INFINITE_RECURSION = YES;
				CLANG_WARN_INT_CONVERSION = YES;
				CLANG_WARN_NON_LITERAL_NULL_CONVERSION = YES;
				CLANG_WARN_OBJC_IMPLICIT_RETAIN_SELF = YES;
				CLANG_WARN_OBJC_LITERAL_CONVERSION = YES;
				CLANG_WARN_OBJC_ROOT_CLASS = YES_ERROR;
				CLANG_WARN_RANGE_LOOP_ANALYSIS = YES;
				CLANG_WARN_STRICT_PROTOTYPES = YES;
				CLANG_WARN_SUSPICIOUS_MOVE = YES;
				CLANG_WARN_UNGUARDED_AVAILABILITY = YES_AGGRESSIVE;
				CLANG_WARN_UNREACHABLE_CODE = YES;
				CLANG_WARN__DUPLICATE_METHOD_MATCH = YES;
				CODE_SIGN_IDENTITY = "iPhone Developer";
				COPY_PHASE_STRIP = NO;
				DEBUG_INFORMATION_FORMAT = dwarf;
				ENABLE_STRICT_OBJC_MSGSEND = YES;
				ENABLE_TESTABILITY = YES;
				GCC_C_LANGUAGE_STANDARD = gnu11;
				GCC_DYNAMIC_NO_PIC = NO;
				GCC_NO_COMMON_BLOCKS = YES;
				GCC_OPTIMIZATION_LEVEL = 0;
				GCC_PREPROCESSOR_DEFINITIONS = (
					"DEBUG=1",
					"$(inherited)",
				);
				GCC_WARN_64_TO_32_BIT_CONVERSION = YES;
				GCC_WARN_ABOUT_RETURN_TYPE = YES_ERROR;
				GCC_WARN_UNDECLARED_SELECTOR = YES;
				GCC_WARN_UNINITIALIZED_AUTOS = YES_AGGRESSIVE;
				GCC_WARN_UNUSED_FUNCTION = YES;
				GCC_WARN_UNUSED_VARIABLE = YES;
				IPHONEOS_DEPLOYMENT_TARGET = 12.2;
				MTL_ENABLE_DEBUG_INFO = INCLUDE_SOURCE;
				MTL_FAST_MATH = YES;
				ONLY_ACTIVE_ARCH = YES;
				SDKROOT = iphoneos;
				SWIFT_ACTIVE_COMPILATION_CONDITIONS = DEBUG;
				SWIFT_OPTIMIZATION_LEVEL = "-Onone";
			};
			name = Debug;
		};
		6A64730422C376D100E1F9FD /* Release */ = {
			isa = XCBuildConfiguration;
			buildSettings = {
				ALWAYS_SEARCH_USER_PATHS = NO;
				CLANG_ANALYZER_NONNULL = YES;
				CLANG_ANALYZER_NUMBER_OBJECT_CONVERSION = YES_AGGRESSIVE;
				CLANG_CXX_LANGUAGE_STANDARD = "gnu++14";
				CLANG_CXX_LIBRARY = "libc++";
				CLANG_ENABLE_MODULES = YES;
				CLANG_ENABLE_OBJC_ARC = YES;
				CLANG_ENABLE_OBJC_WEAK = YES;
				CLANG_WARN_BLOCK_CAPTURE_AUTORELEASING = YES;
				CLANG_WARN_BOOL_CONVERSION = YES;
				CLANG_WARN_COMMA = YES;
				CLANG_WARN_CONSTANT_CONVERSION = YES;
				CLANG_WARN_DEPRECATED_OBJC_IMPLEMENTATIONS = YES;
				CLANG_WARN_DIRECT_OBJC_ISA_USAGE = YES_ERROR;
				CLANG_WARN_DOCUMENTATION_COMMENTS = YES;
				CLANG_WARN_EMPTY_BODY = YES;
				CLANG_WARN_ENUM_CONVERSION = YES;
				CLANG_WARN_INFINITE_RECURSION = YES;
				CLANG_WARN_INT_CONVERSION = YES;
				CLANG_WARN_NON_LITERAL_NULL_CONVERSION = YES;
				CLANG_WARN_OBJC_IMPLICIT_RETAIN_SELF = YES;
				CLANG_WARN_OBJC_LITERAL_CONVERSION = YES;
				CLANG_WARN_OBJC_ROOT_CLASS = YES_ERROR;
				CLANG_WARN_RANGE_LOOP_ANALYSIS = YES;
				CLANG_WARN_STRICT_PROTOTYPES = YES;
				CLANG_WARN_SUSPICIOUS_MOVE = YES;
				CLANG_WARN_UNGUARDED_AVAILABILITY = YES_AGGRESSIVE;
				CLANG_WARN_UNREACHABLE_CODE = YES;
				CLANG_WARN__DUPLICATE_METHOD_MATCH = YES;
				CODE_SIGN_IDENTITY = "iPhone Developer";
				COPY_PHASE_STRIP = NO;
				DEBUG_INFORMATION_FORMAT = "dwarf-with-dsym";
				ENABLE_NS_ASSERTIONS = NO;
				ENABLE_STRICT_OBJC_MSGSEND = YES;
				GCC_C_LANGUAGE_STANDARD = gnu11;
				GCC_NO_COMMON_BLOCKS = YES;
				GCC_WARN_64_TO_32_BIT_CONVERSION = YES;
				GCC_WARN_ABOUT_RETURN_TYPE = YES_ERROR;
				GCC_WARN_UNDECLARED_SELECTOR = YES;
				GCC_WARN_UNINITIALIZED_AUTOS = YES_AGGRESSIVE;
				GCC_WARN_UNUSED_FUNCTION = YES;
				GCC_WARN_UNUSED_VARIABLE = YES;
				IPHONEOS_DEPLOYMENT_TARGET = 12.2;
				MTL_ENABLE_DEBUG_INFO = NO;
				MTL_FAST_MATH = YES;
				SDKROOT = iphoneos;
				SWIFT_COMPILATION_MODE = wholemodule;
				SWIFT_OPTIMIZATION_LEVEL = "-O";
				VALIDATE_PRODUCT = YES;
			};
			name = Release;
		};
		6A64730622C376D100E1F9FD /* Debug */ = {
			isa = XCBuildConfiguration;
			baseConfigurationReference = 763DB946B92D8B9628AC6C64 /* Pods-Stepik.debug.xcconfig */;
			buildSettings = {
				ASSETCATALOG_COMPILER_APPICON_NAME = AppIcon;
				CODE_SIGN_STYLE = Automatic;
				DEVELOPMENT_TEAM = Z8DC96LTP6;
				INFOPLIST_FILE = Stepik/Info.plist;
				LD_RUNPATH_SEARCH_PATHS = (
					"$(inherited)",
					"@executable_path/Frameworks",
				);
				PRODUCT_BUNDLE_IDENTIFIER = code.tests.com.Stepik;
				PRODUCT_NAME = "$(TARGET_NAME)";
				SWIFT_VERSION = 5.0;
				TARGETED_DEVICE_FAMILY = 1;
			};
			name = Debug;
		};
		6A64730722C376D100E1F9FD /* Release */ = {
			isa = XCBuildConfiguration;
			baseConfigurationReference = 9C1095524FDD34DF104650E0 /* Pods-Stepik.release.xcconfig */;
			buildSettings = {
				ASSETCATALOG_COMPILER_APPICON_NAME = AppIcon;
				CODE_SIGN_STYLE = Automatic;
				DEVELOPMENT_TEAM = Z8DC96LTP6;
				ENABLE_TESTABILITY = YES;
				INFOPLIST_FILE = Stepik/Info.plist;
				LD_RUNPATH_SEARCH_PATHS = (
					"$(inherited)",
					"@executable_path/Frameworks",
				);
				PRODUCT_BUNDLE_IDENTIFIER = code.tests.com.Stepik;
				PRODUCT_NAME = "$(TARGET_NAME)";
				SWIFT_VERSION = 5.0;
				TARGETED_DEVICE_FAMILY = 1;
			};
			name = Release;
		};
/* End XCBuildConfiguration section */

/* Begin XCConfigurationList section */
		6A47309E22C4CE3D0063B4C2 /* Build configuration list for PBXNativeTarget "StepikTests" */ = {
			isa = XCConfigurationList;
			buildConfigurations = (
				6A47309F22C4CE3D0063B4C2 /* Debug */,
				6A4730A022C4CE3D0063B4C2 /* Stage */,
				6A4730A122C4CE3D0063B4C2 /* Release */,
			);
			defaultConfigurationIsVisible = 0;
			defaultConfigurationName = Stage;
		};
		6A6472EE22C376CF00E1F9FD /* Build configuration list for PBXProject "Stepik" */ = {
			isa = XCConfigurationList;
			buildConfigurations = (
				6A64730322C376D100E1F9FD /* Debug */,
				6A47305C22C3B3770063B4C2 /* Stage */,
				6A64730422C376D100E1F9FD /* Release */,
			);
			defaultConfigurationIsVisible = 0;
			defaultConfigurationName = Stage;
		};
		6A64730522C376D100E1F9FD /* Build configuration list for PBXNativeTarget "Stepik" */ = {
			isa = XCConfigurationList;
			buildConfigurations = (
				6A64730622C376D100E1F9FD /* Debug */,
				6A47305D22C3B3770063B4C2 /* Stage */,
				6A64730722C376D100E1F9FD /* Release */,
			);
			defaultConfigurationIsVisible = 0;
			defaultConfigurationName = Stage;
		};
/* End XCConfigurationList section */
	};
	rootObject = 6A6472EB22C376CF00E1F9FD /* Project object */;
}
