// !$*UTF8*$!
{
	archiveVersion = 1;
	classes = {
	};
	objectVersion = 50;
	objects = {

/* Begin PBXBuildFile section */
		6A6472F722C376CF00E1F9FD /* AppDelegate.swift in Sources */ = {isa = PBXBuildFile; fileRef = 6A6472F622C376CF00E1F9FD /* AppDelegate.swift */; };
		6A6472F922C376CF00E1F9FD /* ViewController.swift in Sources */ = {isa = PBXBuildFile; fileRef = 6A6472F822C376CF00E1F9FD /* ViewController.swift */; };
		6A6472FC22C376CF00E1F9FD /* Main.storyboard in Resources */ = {isa = PBXBuildFile; fileRef = 6A6472FA22C376CF00E1F9FD /* Main.storyboard */; };
		6A6472FE22C376D100E1F9FD /* Assets.xcassets in Resources */ = {isa = PBXBuildFile; fileRef = 6A6472FD22C376D100E1F9FD /* Assets.xcassets */; };
		6A64730122C376D100E1F9FD /* LaunchScreen.storyboard in Resources */ = {isa = PBXBuildFile; fileRef = 6A6472FF22C376D100E1F9FD /* LaunchScreen.storyboard */; };
		6A64730922C3771100E1F9FD /* FileNotebook.swift in Sources */ = {isa = PBXBuildFile; fileRef = 6A64730822C3771100E1F9FD /* FileNotebook.swift */; };
		6A64730D22C3773E00E1F9FD /* Note.swift in Sources */ = {isa = PBXBuildFile; fileRef = 6A64730C22C3773E00E1F9FD /* Note.swift */; };
		6A64730F22C3778C00E1F9FD /* Note Extension.swift in Sources */ = {isa = PBXBuildFile; fileRef = 6A64730E22C3778C00E1F9FD /* Note Extension.swift */; };
/* End PBXBuildFile section */

/* Begin PBXFileReference section */
		6A6472F322C376CF00E1F9FD /* Stepik.app */ = {isa = PBXFileReference; explicitFileType = wrapper.application; includeInIndex = 0; path = Stepik.app; sourceTree = BUILT_PRODUCTS_DIR; };
		6A6472F622C376CF00E1F9FD /* AppDelegate.swift */ = {isa = PBXFileReference; lastKnownFileType = sourcecode.swift; path = AppDelegate.swift; sourceTree = "<group>"; };
		6A6472F822C376CF00E1F9FD /* ViewController.swift */ = {isa = PBXFileReference; lastKnownFileType = sourcecode.swift; path = ViewController.swift; sourceTree = "<group>"; };
		6A6472FB22C376CF00E1F9FD /* Base */ = {isa = PBXFileReference; lastKnownFileType = file.storyboard; name = Base; path = Base.lproj/Main.storyboard; sourceTree = "<group>"; };
		6A6472FD22C376D100E1F9FD /* Assets.xcassets */ = {isa = PBXFileReference; lastKnownFileType = folder.assetcatalog; path = Assets.xcassets; sourceTree = "<group>"; };
		6A64730022C376D100E1F9FD /* Base */ = {isa = PBXFileReference; lastKnownFileType = file.storyboard; name = Base; path = Base.lproj/LaunchScreen.storyboard; sourceTree = "<group>"; };
		6A64730222C376D100E1F9FD /* Info.plist */ = {isa = PBXFileReference; lastKnownFileType = text.plist.xml; path = Info.plist; sourceTree = "<group>"; };
		6A64730822C3771100E1F9FD /* FileNotebook.swift */ = {isa = PBXFileReference; lastKnownFileType = sourcecode.swift; path = FileNotebook.swift; sourceTree = "<group>"; };
		6A64730C22C3773E00E1F9FD /* Note.swift */ = {isa = PBXFileReference; lastKnownFileType = sourcecode.swift; path = Note.swift; sourceTree = "<group>"; };
		6A64730E22C3778C00E1F9FD /* Note Extension.swift */ = {isa = PBXFileReference; lastKnownFileType = sourcecode.swift; path = "Note Extension.swift"; sourceTree = "<group>"; };
/* End PBXFileReference section */

/* Begin PBXFrameworksBuildPhase section */
		6A6472F022C376CF00E1F9FD /* Frameworks */ = {
			isa = PBXFrameworksBuildPhase;
			buildActionMask = 2147483647;
			files = (
			);
			runOnlyForDeploymentPostprocessing = 0;
		};
/* End PBXFrameworksBuildPhase section */

/* Begin PBXGroup section */
		6A6472EA22C376CF00E1F9FD = {
			isa = PBXGroup;
			children = (
				6A6472F522C376CF00E1F9FD /* Stepik */,
				6A6472F422C376CF00E1F9FD /* Products */,
			);
			sourceTree = "<group>";
		};
		6A6472F422C376CF00E1F9FD /* Products */ = {
			isa = PBXGroup;
			children = (
				6A6472F322C376CF00E1F9FD /* Stepik.app */,
			);
			name = Products;
			sourceTree = "<group>";
		};
		6A6472F522C376CF00E1F9FD /* Stepik */ = {
			isa = PBXGroup;
			children = (
				6A6472F622C376CF00E1F9FD /* AppDelegate.swift */,
				6A6472F822C376CF00E1F9FD /* ViewController.swift */,
				6A6472FA22C376CF00E1F9FD /* Main.storyboard */,
				6A6472FD22C376D100E1F9FD /* Assets.xcassets */,
				6A6472FF22C376D100E1F9FD /* LaunchScreen.storyboard */,
				6A64730222C376D100E1F9FD /* Info.plist */,
				6A64730822C3771100E1F9FD /* FileNotebook.swift */,
				6A64730C22C3773E00E1F9FD /* Note.swift */,
				6A64730E22C3778C00E1F9FD /* Note Extension.swift */,
			);
			path = Stepik;
			sourceTree = "<group>";
		};
/* End PBXGroup section */

/* Begin PBXNativeTarget section */
		6A6472F222C376CF00E1F9FD /* Stepik */ = {
			isa = PBXNativeTarget;
			buildConfigurationList = 6A64730522C376D100E1F9FD /* Build configuration list for PBXNativeTarget "Stepik" */;
			buildPhases = (
				6A6472EF22C376CF00E1F9FD /* Sources */,
				6A6472F022C376CF00E1F9FD /* Frameworks */,
				6A6472F122C376CF00E1F9FD /* Resources */,
			);
			buildRules = (
			);
			dependencies = (
			);
			name = Stepik;
			productName = Stepik;
			productReference = 6A6472F322C376CF00E1F9FD /* Stepik.app */;
			productType = "com.apple.product-type.application";
		};
/* End PBXNativeTarget section */

/* Begin PBXProject section */
		6A6472EB22C376CF00E1F9FD /* Project object */ = {
			isa = PBXProject;
			attributes = {
				LastSwiftUpdateCheck = 1020;
				LastUpgradeCheck = 1020;
				ORGANIZATIONNAME = iosdev;
				TargetAttributes = {
					6A6472F222C376CF00E1F9FD = {
						CreatedOnToolsVersion = 10.2.1;
					};
				};
			};
			buildConfigurationList = 6A6472EE22C376CF00E1F9FD /* Build configuration list for PBXProject "Stepik" */;
			compatibilityVersion = "Xcode 9.3";
			developmentRegion = en;
			hasScannedForEncodings = 0;
			knownRegions = (
				en,
				Base,
			);
			mainGroup = 6A6472EA22C376CF00E1F9FD;
			productRefGroup = 6A6472F422C376CF00E1F9FD /* Products */;
			projectDirPath = "";
			projectRoot = "";
			targets = (
				6A6472F222C376CF00E1F9FD /* Stepik */,
			);
		};
/* End PBXProject section */

/* Begin PBXResourcesBuildPhase section */
		6A6472F122C376CF00E1F9FD /* Resources */ = {
			isa = PBXResourcesBuildPhase;
			buildActionMask = 2147483647;
			files = (
				6A64730122C376D100E1F9FD /* LaunchScreen.storyboard in Resources */,
				6A6472FE22C376D100E1F9FD /* Assets.xcassets in Resources */,
				6A6472FC22C376CF00E1F9FD /* Main.storyboard in Resources */,
			);
			runOnlyForDeploymentPostprocessing = 0;
		};
/* End PBXResourcesBuildPhase section */

/* Begin PBXSourcesBuildPhase section */
		6A6472EF22C376CF00E1F9FD /* Sources */ = {
			isa = PBXSourcesBuildPhase;
			buildActionMask = 2147483647;
			files = (
				6A64730922C3771100E1F9FD /* FileNotebook.swift in Sources */,
				6A64730F22C3778C00E1F9FD /* Note Extension.swift in Sources */,
				6A64730D22C3773E00E1F9FD /* Note.swift in Sources */,
				6A6472F922C376CF00E1F9FD /* ViewController.swift in Sources */,
				6A6472F722C376CF00E1F9FD /* AppDelegate.swift in Sources */,
			);
			runOnlyForDeploymentPostprocessing = 0;
		};
/* End PBXSourcesBuildPhase section */

/* Begin PBXVariantGroup section */
		6A6472FA22C376CF00E1F9FD /* Main.storyboard */ = {
			isa = PBXVariantGroup;
			children = (
				6A6472FB22C376CF00E1F9FD /* Base */,
			);
			name = Main.storyboard;
			sourceTree = "<group>";
		};
		6A6472FF22C376D100E1F9FD /* LaunchScreen.storyboard */ = {
			isa = PBXVariantGroup;
			children = (
				6A64730022C376D100E1F9FD /* Base */,
			);
			name = LaunchScreen.storyboard;
			sourceTree = "<group>";
		};
/* End PBXVariantGroup section */

/* Begin XCBuildConfiguration section */
		6A64730322C376D100E1F9FD /* Debug */ = {
			isa = XCBuildConfiguration;
			buildSettings = {
				ALWAYS_SEARCH_USER_PATHS = NO;
				CLANG_ANALYZER_NONNULL = YES;
				CLANG_ANALYZER_NUMBER_OBJECT_CONVERSION = YES_AGGRESSIVE;
				CLANG_CXX_LANGUAGE_STANDARD = "gnu++14";
				CLANG_CXX_LIBRARY = "libc++";
				CLANG_ENABLE_MODULES = YES;
				CLANG_ENABLE_OBJC_ARC = YES;
				CLANG_ENABLE_OBJC_WEAK = YES;
				CLANG_WARN_BLOCK_CAPTURE_AUTORELEASING = YES;
				CLANG_WARN_BOOL_CONVERSION = YES;
				CLANG_WARN_COMMA = YES;
				CLANG_WARN_CONSTANT_CONVERSION = YES;
				CLANG_WARN_DEPRECATED_OBJC_IMPLEMENTATIONS = YES;
				CLANG_WARN_DIRECT_OBJC_ISA_USAGE = YES_ERROR;
				CLANG_WARN_DOCUMENTATION_COMMENTS = YES;
				CLANG_WARN_EMPTY_BODY = YES;
				CLANG_WARN_ENUM_CONVERSION = YES;
				CLANG_WARN_INFINITE_RECURSION = YES;
				CLANG_WARN_INT_CONVERSION = YES;
				CLANG_WARN_NON_LITERAL_NULL_CONVERSION = YES;
				CLANG_WARN_OBJC_IMPLICIT_RETAIN_SELF = YES;
				CLANG_WARN_OBJC_LITERAL_CONVERSION = YES;
				CLANG_WARN_OBJC_ROOT_CLASS = YES_ERROR;
				CLANG_WARN_RANGE_LOOP_ANALYSIS = YES;
				CLANG_WARN_STRICT_PROTOTYPES = YES;
				CLANG_WARN_SUSPICIOUS_MOVE = YES;
				CLANG_WARN_UNGUARDED_AVAILABILITY = YES_AGGRESSIVE;
				CLANG_WARN_UNREACHABLE_CODE = YES;
				CLANG_WARN__DUPLICATE_METHOD_MATCH = YES;
				CODE_SIGN_IDENTITY = "iPhone Developer";
				COPY_PHASE_STRIP = NO;
				DEBUG_INFORMATION_FORMAT = dwarf;
				ENABLE_STRICT_OBJC_MSGSEND = YES;
				ENABLE_TESTABILITY = YES;
				GCC_C_LANGUAGE_STANDARD = gnu11;
				GCC_DYNAMIC_NO_PIC = NO;
				GCC_NO_COMMON_BLOCKS = YES;
				GCC_OPTIMIZATION_LEVEL = 0;
				GCC_PREPROCESSOR_DEFINITIONS = (
					"DEBUG=1",
					"$(inherited)",
				);
				GCC_WARN_64_TO_32_BIT_CONVERSION = YES;
				GCC_WARN_ABOUT_RETURN_TYPE = YES_ERROR;
				GCC_WARN_UNDECLARED_SELECTOR = YES;
				GCC_WARN_UNINITIALIZED_AUTOS = YES_AGGRESSIVE;
				GCC_WARN_UNUSED_FUNCTION = YES;
				GCC_WARN_UNUSED_VARIABLE = YES;
				IPHONEOS_DEPLOYMENT_TARGET = 12.2;
				MTL_ENABLE_DEBUG_INFO = INCLUDE_SOURCE;
				MTL_FAST_MATH = YES;
				ONLY_ACTIVE_ARCH = YES;
				SDKROOT = iphoneos;
				SWIFT_ACTIVE_COMPILATION_CONDITIONS = DEBUG;
				SWIFT_OPTIMIZATION_LEVEL = "-Onone";
			};
			name = Debug;
		};
		6A64730422C376D100E1F9FD /* Release */ = {
			isa = XCBuildConfiguration;
			buildSettings = {
				ALWAYS_SEARCH_USER_PATHS = NO;
				CLANG_ANALYZER_NONNULL = YES;
				CLANG_ANALYZER_NUMBER_OBJECT_CONVERSION = YES_AGGRESSIVE;
				CLANG_CXX_LANGUAGE_STANDARD = "gnu++14";
				CLANG_CXX_LIBRARY = "libc++";
				CLANG_ENABLE_MODULES = YES;
				CLANG_ENABLE_OBJC_ARC = YES;
				CLANG_ENABLE_OBJC_WEAK = YES;
				CLANG_WARN_BLOCK_CAPTURE_AUTORELEASING = YES;
				CLANG_WARN_BOOL_CONVERSION = YES;
				CLANG_WARN_COMMA = YES;
				CLANG_WARN_CONSTANT_CONVERSION = YES;
				CLANG_WARN_DEPRECATED_OBJC_IMPLEMENTATIONS = YES;
				CLANG_WARN_DIRECT_OBJC_ISA_USAGE = YES_ERROR;
				CLANG_WARN_DOCUMENTATION_COMMENTS = YES;
				CLANG_WARN_EMPTY_BODY = YES;
				CLANG_WARN_ENUM_CONVERSION = YES;
				CLANG_WARN_INFINITE_RECURSION = YES;
				CLANG_WARN_INT_CONVERSION = YES;
				CLANG_WARN_NON_LITERAL_NULL_CONVERSION = YES;
				CLANG_WARN_OBJC_IMPLICIT_RETAIN_SELF = YES;
				CLANG_WARN_OBJC_LITERAL_CONVERSION = YES;
				CLANG_WARN_OBJC_ROOT_CLASS = YES_ERROR;
				CLANG_WARN_RANGE_LOOP_ANALYSIS = YES;
				CLANG_WARN_STRICT_PROTOTYPES = YES;
				CLANG_WARN_SUSPICIOUS_MOVE = YES;
				CLANG_WARN_UNGUARDED_AVAILABILITY = YES_AGGRESSIVE;
				CLANG_WARN_UNREACHABLE_CODE = YES;
				CLANG_WARN__DUPLICATE_METHOD_MATCH = YES;
				CODE_SIGN_IDENTITY = "iPhone Developer";
				COPY_PHASE_STRIP = NO;
				DEBUG_INFORMATION_FORMAT = "dwarf-with-dsym";
				ENABLE_NS_ASSERTIONS = NO;
				ENABLE_STRICT_OBJC_MSGSEND = YES;
				GCC_C_LANGUAGE_STANDARD = gnu11;
				GCC_NO_COMMON_BLOCKS = YES;
				GCC_WARN_64_TO_32_BIT_CONVERSION = YES;
				GCC_WARN_ABOUT_RETURN_TYPE = YES_ERROR;
				GCC_WARN_UNDECLARED_SELECTOR = YES;
				GCC_WARN_UNINITIALIZED_AUTOS = YES_AGGRESSIVE;
				GCC_WARN_UNUSED_FUNCTION = YES;
				GCC_WARN_UNUSED_VARIABLE = YES;
				IPHONEOS_DEPLOYMENT_TARGET = 12.2;
				MTL_ENABLE_DEBUG_INFO = NO;
				MTL_FAST_MATH = YES;
				SDKROOT = iphoneos;
				SWIFT_COMPILATION_MODE = wholemodule;
				SWIFT_OPTIMIZATION_LEVEL = "-O";
				VALIDATE_PRODUCT = YES;
			};
			name = Release;
		};
		6A64730622C376D100E1F9FD /* Debug */ = {
			isa = XCBuildConfiguration;
			buildSettings = {
				ASSETCATALOG_COMPILER_APPICON_NAME = AppIcon;
				CODE_SIGN_STYLE = Automatic;
				DEVELOPMENT_TEAM = RT26GZ5DVQ;
				INFOPLIST_FILE = Stepik/Info.plist;
				LD_RUNPATH_SEARCH_PATHS = (
					"$(inherited)",
					"@executable_path/Frameworks",
				);
				PRODUCT_BUNDLE_IDENTIFIER = code.tests.com.Stepik;
				PRODUCT_NAME = "$(TARGET_NAME)";
				SWIFT_VERSION = 5.0;
				TARGETED_DEVICE_FAMILY = "1,2";
			};
			name = Debug;
		};
		6A64730722C376D100E1F9FD /* Release */ = {
			isa = XCBuildConfiguration;
			buildSettings = {
				ASSETCATALOG_COMPILER_APPICON_NAME = AppIcon;
				CODE_SIGN_STYLE = Automatic;
				DEVELOPMENT_TEAM = RT26GZ5DVQ;
				INFOPLIST_FILE = Stepik/Info.plist;
				LD_RUNPATH_SEARCH_PATHS = (
					"$(inherited)",
					"@executable_path/Frameworks",
				);
				PRODUCT_BUNDLE_IDENTIFIER = code.tests.com.Stepik;
				PRODUCT_NAME = "$(TARGET_NAME)";
				SWIFT_VERSION = 5.0;
				TARGETED_DEVICE_FAMILY = "1,2";
			};
			name = Release;
		};
/* End XCBuildConfiguration section */

/* Begin XCConfigurationList section */
		6A6472EE22C376CF00E1F9FD /* Build configuration list for PBXProject "Stepik" */ = {
			isa = XCConfigurationList;
			buildConfigurations = (
				6A64730322C376D100E1F9FD /* Debug */,
				6A64730422C376D100E1F9FD /* Release */,
			);
			defaultConfigurationIsVisible = 0;
			defaultConfigurationName = Release;
		};
		6A64730522C376D100E1F9FD /* Build configuration list for PBXNativeTarget "Stepik" */ = {
			isa = XCConfigurationList;
			buildConfigurations = (
				6A64730622C376D100E1F9FD /* Debug */,
				6A64730722C376D100E1F9FD /* Release */,
			);
			defaultConfigurationIsVisible = 0;
			defaultConfigurationName = Release;
		};
/* End XCConfigurationList section */
	};
	rootObject = 6A6472EB22C376CF00E1F9FD /* Project object */;
}
